
Microsoft Visual Studio Solution File, Format Version 12.00
# Visual Studio Version 17
VisualStudioVersion = 17.14.36717.8
MinimumVisualStudioVersion = 10.0.40219.1
Project("{FAE04EC0-301F-11D3-BF4B-00C04F79EFBC}") = "Banking.Frontend", "Banking.Frontend.csproj", "{CE9BC829-3899-45B6-A4F3-7F8424BB10D8}"
EndProject
Project("{FAE04EC0-301F-11D3-BF4B-00C04F79EFBC}") = "Banking.Models", "..\Banking.Models\Banking.Models.csproj", "{7C8A9B01-60D6-4700-BA24-685CB785168C}"
EndProject
Project("{FAE04EC0-301F-11D3-BF4B-00C04F79EFBC}") = "Banking.Framework", "..\Banking.Framework\Banking.Framework.csproj", "{20C83084-488D-4A0A-914F-0F94066AB629}"
EndProject
Project("{FAE04EC0-301F-11D3-BF4B-00C04F79EFBC}") = "Banking.Backend", "..\Banking.Backend\Banking.Backend.csproj", "{422FDE6C-C580-4765-8901-17F679CF762F}"
EndProject
Project("{FAE04EC0-301F-11D3-BF4B-00C04F79EFBC}") = "Banking.Services", "..\Banking.Services\Banking.Services.csproj", "{174E89EF-AFF9-46AF-96BC-501DA42894BD}"
EndProject
Project("{FAE04EC0-301F-11D3-BF4B-00C04F79EFBC}") = "Banking.Interfaces", "..\Banking.Interfaces\Banking.Interfaces.csproj", "{7D8F04E5-F7F0-416B-A5AF-FDD38BFF0F37}"
EndProject
Global
	GlobalSection(SolutionConfigurationPlatforms) = preSolution
		Debug|Any CPU = Debug|Any CPU
		Debug|x64 = Debug|x64
		Release|Any CPU = Release|Any CPU
		Release|x64 = Release|x64
	EndGlobalSection
	GlobalSection(ProjectConfigurationPlatforms) = postSolution
		{CE9BC829-3899-45B6-A4F3-7F8424BB10D8}.Debug|Any CPU.ActiveCfg = Debug|Any CPU
		{CE9BC829-3899-45B6-A4F3-7F8424BB10D8}.Debug|Any CPU.Build.0 = Debug|Any CPU
		{CE9BC829-3899-45B6-A4F3-7F8424BB10D8}.Debug|x64.ActiveCfg = Debug|x64
		{CE9BC829-3899-45B6-A4F3-7F8424BB10D8}.Debug|x64.Build.0 = Debug|x64
		{CE9BC829-3899-45B6-A4F3-7F8424BB10D8}.Release|Any CPU.ActiveCfg = Release|Any CPU
		{CE9BC829-3899-45B6-A4F3-7F8424BB10D8}.Release|Any CPU.Build.0 = Release|Any CPU
		{CE9BC829-3899-45B6-A4F3-7F8424BB10D8}.Release|x64.ActiveCfg = Release|x64
		{CE9BC829-3899-45B6-A4F3-7F8424BB10D8}.Release|x64.Build.0 = Release|x64
		{7C8A9B01-60D6-4700-BA24-685CB785168C}.Debug|Any CPU.ActiveCfg = Debug|Any CPU
		{7C8A9B01-60D6-4700-BA24-685CB785168C}.Debug|Any CPU.Build.0 = Debug|Any CPU
		{7C8A9B01-60D6-4700-BA24-685CB785168C}.Debug|x64.ActiveCfg = Debug|Any CPU
		{7C8A9B01-60D6-4700-BA24-685CB785168C}.Debug|x64.Build.0 = Debug|Any CPU
		{7C8A9B01-60D6-4700-BA24-685CB785168C}.Release|Any CPU.ActiveCfg = Release|Any CPU
		{7C8A9B01-60D6-4700-BA24-685CB785168C}.Release|Any CPU.Build.0 = Release|Any CPU
		{7C8A9B01-60D6-4700-BA24-685CB785168C}.Release|x64.ActiveCfg = Release|Any CPU
		{7C8A9B01-60D6-4700-BA24-685CB785168C}.Release|x64.Build.0 = Release|Any CPU
		{20C83084-488D-4A0A-914F-0F94066AB629}.Debug|Any CPU.ActiveCfg = Debug|Any CPU
		{20C83084-488D-4A0A-914F-0F94066AB629}.Debug|Any CPU.Build.0 = Debug|Any CPU
		{20C83084-488D-4A0A-914F-0F94066AB629}.Debug|x64.ActiveCfg = Debug|Any CPU
		{20C83084-488D-4A0A-914F-0F94066AB629}.Debug|x64.Build.0 = Debug|Any CPU
		{20C83084-488D-4A0A-914F-0F94066AB629}.Release|Any CPU.ActiveCfg = Release|Any CPU
		{20C83084-488D-4A0A-914F-0F94066AB629}.Release|Any CPU.Build.0 = Release|Any CPU
		{20C83084-488D-4A0A-914F-0F94066AB629}.Release|x64.ActiveCfg = Release|Any CPU
		{20C83084-488D-4A0A-914F-0F94066AB629}.Release|x64.Build.0 = Release|Any CPU
		{422FDE6C-C580-4765-8901-17F679CF762F}.Debug|Any CPU.ActiveCfg = Debug|Any CPU
		{422FDE6C-C580-4765-8901-17F679CF762F}.Debug|Any CPU.Build.0 = Debug|Any CPU
		{422FDE6C-C580-4765-8901-17F679CF762F}.Debug|x64.ActiveCfg = Debug|Any CPU
		{422FDE6C-C580-4765-8901-17F679CF762F}.Debug|x64.Build.0 = Debug|Any CPU
		{422FDE6C-C580-4765-8901-17F679CF762F}.Release|Any CPU.ActiveCfg = Release|Any CPU
		{422FDE6C-C580-4765-8901-17F679CF762F}.Release|Any CPU.Build.0 = Release|Any CPU
		{422FDE6C-C580-4765-8901-17F679CF762F}.Release|x64.ActiveCfg = Release|Any CPU
		{422FDE6C-C580-4765-8901-17F679CF762F}.Release|x64.Build.0 = Release|Any CPU
		{174E89EF-AFF9-46AF-96BC-501DA42894BD}.Debug|Any CPU.ActiveCfg = Debug|Any CPU
		{174E89EF-AFF9-46AF-96BC-501DA42894BD}.Debug|Any CPU.Build.0 = Debug|Any CPU
		{174E89EF-AFF9-46AF-96BC-501DA42894BD}.Debug|x64.ActiveCfg = Debug|Any CPU
		{174E89EF-AFF9-46AF-96BC-501DA42894BD}.Debug|x64.Build.0 = Debug|Any CPU
		{174E89EF-AFF9-46AF-96BC-501DA42894BD}.Release|Any CPU.ActiveCfg = Release|Any CPU
		{174E89EF-AFF9-46AF-96BC-501DA42894BD}.Release|Any CPU.Build.0 = Release|Any CPU
		{174E89EF-AFF9-46AF-96BC-501DA42894BD}.Release|x64.ActiveCfg = Release|Any CPU
		{174E89EF-AFF9-46AF-96BC-501DA42894BD}.Release|x64.Build.0 = Release|Any CPU
		{7D8F04E5-F7F0-416B-A5AF-FDD38BFF0F37}.Debug|Any CPU.ActiveCfg = Debug|Any CPU
		{7D8F04E5-F7F0-416B-A5AF-FDD38BFF0F37}.Debug|Any CPU.Build.0 = Debug|Any CPU
		{7D8F04E5-F7F0-416B-A5AF-FDD38BFF0F37}.Debug|x64.ActiveCfg = Debug|Any CPU
		{7D8F04E5-F7F0-416B-A5AF-FDD38BFF0F37}.Debug|x64.Build.0 = Debug|Any CPU
		{7D8F04E5-F7F0-416B-A5AF-FDD38BFF0F37}.Release|Any CPU.ActiveCfg = Release|Any CPU
		{7D8F04E5-F7F0-416B-A5AF-FDD38BFF0F37}.Release|Any CPU.Build.0 = Release|Any CPU
		{7D8F04E5-F7F0-416B-A5AF-FDD38BFF0F37}.Release|x64.ActiveCfg = Release|Any CPU
		{7D8F04E5-F7F0-416B-A5AF-FDD38BFF0F37}.Release|x64.Build.0 = Release|Any CPU
	EndGlobalSection
	GlobalSection(SolutionProperties) = preSolution
		HideSolutionNode = FALSE
	EndGlobalSection
	GlobalSection(ExtensibilityGlobals) = postSolution
		SolutionGuid = {3A9FF371-9EC5-49E7-88FF-8C2D0CE87621}
	EndGlobalSection
EndGlobal
