
Microsoft Visual Studio Solution File, Format Version 12.00
# Visual Studio Version 17
VisualStudioVersion = 17.14.36717.8
MinimumVisualStudioVersion = 10.0.40219.1
Project("{FAE04EC0-301F-11D3-BF4B-00C04F79EFBC}") = "Banking.Frontend", "Banking.Frontend.csproj", "{CE9BC829-3899-45B6-A4F3-7F8424BB10D8}"
EndProject
Project("{FAE04EC0-301F-11D3-BF4B-00C04F79EFBC}") = "Banking.Models", "..\Banking.Models\Banking.Models.csproj", "{7C8A9B01-60D6-4700-BA24-685CB785168C}"
EndProject
Project("{FAE04EC0-301F-11D3-BF4B-00C04F79EFBC}") = "Banking.Framework", "..\Banking.Framework\Banking.Framework.csproj", "{20C83084-488D-4A0A-914F-0F94066AB629}"
EndProject
Project("{FAE04EC0-301F-11D3-BF4B-00C04F79EFBC}") = "Banking.APIService", "..\Banking.APIService\Banking.APIService.csproj", "{89F07AAB-2E66-42E7-A818-2892A23A56B3}"
EndProject
Global
	GlobalSection(SolutionConfigurationPlatforms) = preSolution
		Debug|Any CPU = Debug|Any CPU
		Release|Any CPU = Release|Any CPU
	EndGlobalSection
	GlobalSection(ProjectConfigurationPlatforms) = postSolution
		{CE9BC829-3899-45B6-A4F3-7F8424BB10D8}.Debug|Any CPU.ActiveCfg = Debug|Any CPU
		{CE9BC829-3899-45B6-A4F3-7F8424BB10D8}.Debug|Any CPU.Build.0 = Debug|Any CPU
		{CE9BC829-3899-45B6-A4F3-7F8424BB10D8}.Release|Any CPU.ActiveCfg = Release|Any CPU
		{CE9BC829-3899-45B6-A4F3-7F8424BB10D8}.Release|Any CPU.Build.0 = Release|Any CPU
		{7C8A9B01-60D6-4700-BA24-685CB785168C}.Debug|Any CPU.ActiveCfg = Debug|Any CPU
		{7C8A9B01-60D6-4700-BA24-685CB785168C}.Debug|Any CPU.Build.0 = Debug|Any CPU
		{7C8A9B01-60D6-4700-BA24-685CB785168C}.Release|Any CPU.ActiveCfg = Release|Any CPU
		{7C8A9B01-60D6-4700-BA24-685CB785168C}.Release|Any CPU.Build.0 = Release|Any CPU
		{20C83084-488D-4A0A-914F-0F94066AB629}.Debug|Any CPU.ActiveCfg = Debug|Any CPU
		{20C83084-488D-4A0A-914F-0F94066AB629}.Debug|Any CPU.Build.0 = Debug|Any CPU
		{20C83084-488D-4A0A-914F-0F94066AB629}.Release|Any CPU.ActiveCfg = Release|Any CPU
		{20C83084-488D-4A0A-914F-0F94066AB629}.Release|Any CPU.Build.0 = Release|Any CPU
		{89F07AAB-2E66-42E7-A818-2892A23A56B3}.Debug|Any CPU.ActiveCfg = Debug|Any CPU
		{89F07AAB-2E66-42E7-A818-2892A23A56B3}.Debug|Any CPU.Build.0 = Debug|Any CPU
		{89F07AAB-2E66-42E7-A818-2892A23A56B3}.Release|Any CPU.ActiveCfg = Release|Any CPU
		{89F07AAB-2E66-42E7-A818-2892A23A56B3}.Release|Any CPU.Build.0 = Release|Any CPU
	EndGlobalSection
	GlobalSection(SolutionProperties) = preSolution
		HideSolutionNode = FALSE
	EndGlobalSection
	GlobalSection(ExtensibilityGlobals) = postSolution
		SolutionGuid = {3A9FF371-9EC5-49E7-88FF-8C2D0CE87621}
	EndGlobalSection
EndGlobal
